
Microsoft Visual Studio Solution File, Format Version 12.00
# Visual Studio Version 17
VisualStudioVersion = 17.10.35027.167
MinimumVisualStudioVersion = 10.0.40219.1
Project("{FAE04EC0-301F-11D3-BF4B-00C04F79EFBC}") = "ShipGame", "ShipGame\ShipGame.csproj", "{9F1AD347-BCB5-4EC9-AE2D-21219A9C0969}"
EndProject
Global
	GlobalSection(SolutionConfigurationPlatforms) = preSolution
		Debug|Any CPU = Debug|Any CPU
		Release|Any CPU = Release|Any CPU
	EndGlobalSection
	GlobalSection(ProjectConfigurationPlatforms) = postSolution
		{9F1AD347-BCB5-4EC9-AE2D-21219A9C0969}.Debug|Any CPU.ActiveCfg = Debug|Any CPU
		{9F1AD347-BCB5-4EC9-AE2D-21219A9C0969}.Debug|Any CPU.Build.0 = Debug|Any CPU
		{9F1AD347-BCB5-4EC9-AE2D-21219A9C0969}.Release|Any CPU.ActiveCfg = Release|Any CPU
		{9F1AD347-BCB5-4EC9-AE2D-21219A9C0969}.Release|Any CPU.Build.0 = Release|Any CPU
	EndGlobalSection
	GlobalSection(SolutionProperties) = preSolution
		HideSolutionNode = FALSE
	EndGlobalSection
	GlobalSection(ExtensibilityGlobals) = postSolution
		SolutionGuid = {AE5056ED-6202-4A29-8C3E-543B9D13BB8A}
	EndGlobalSection
EndGlobal
